// !$*UTF8*$!
{
	archiveVersion = 1;
	classes = {
	};
	objectVersion = 46;
	objects = {

/* Begin PBXBuildFile section */
		DFC1454C1BAA56D2008BCF87 /* RNPlayAudio.h in CopyFiles */ = {isa = PBXBuildFile; fileRef = DFC1454B1BAA56D2008BCF87 /* RNPlayAudio.h */; };
		DFC1454E1BAA56D2008BCF87 /* RNPlayAudio.m in Sources */ = {isa = PBXBuildFile; fileRef = DFC1454D1BAA56D2008BCF87 /* RNPlayAudio.m */; };
		DFC145541BAA56D2008BCF87 /* libRNPlayAudio.a in Frameworks */ = {isa = PBXBuildFile; fileRef = DFC145481BAA56D2008BCF87 /* libRNPlayAudio.a */; };
/* End PBXBuildFile section */

/* Begin PBXContainerItemProxy section */
		DFC145551BAA56D2008BCF87 /* PBXContainerItemProxy */ = {
			isa = PBXContainerItemProxy;
			containerPortal = DFC145401BAA56D2008BCF87 /* Project object */;
			proxyType = 1;
			remoteGlobalIDString = DFC145471BAA56D2008BCF87;
			remoteInfo = RNPlayAudio;
		};
/* End PBXContainerItemProxy section */

/* Begin PBXCopyFilesBuildPhase section */
		DFC145461BAA56D2008BCF87 /* CopyFiles */ = {
			isa = PBXCopyFilesBuildPhase;
			buildActionMask = 2147483647;
			dstPath = "include/$(PRODUCT_NAME)";
			dstSubfolderSpec = 16;
			files = (
				DFC1454C1BAA56D2008BCF87 /* RNPlayAudio.h in CopyFiles */,
			);
			runOnlyForDeploymentPostprocessing = 0;
		};
/* End PBXCopyFilesBuildPhase section */

/* Begin PBXFileReference section */
		DFC145481BAA56D2008BCF87 /* libRNPlayAudio.a */ = {isa = PBXFileReference; explicitFileType = archive.ar; includeInIndex = 0; path = libRNPlayAudio.a; sourceTree = BUILT_PRODUCTS_DIR; };
		DFC1454B1BAA56D2008BCF87 /* RNPlayAudio.h */ = {isa = PBXFileReference; lastKnownFileType = sourcecode.c.h; path = RNPlayAudio.h; sourceTree = "<group>"; };
		DFC1454D1BAA56D2008BCF87 /* RNPlayAudio.m */ = {isa = PBXFileReference; lastKnownFileType = sourcecode.c.objc; path = RNPlayAudio.m; sourceTree = "<group>"; };
		DFC145531BAA56D2008BCF87 /* RNPlayAudioTests.xctest */ = {isa = PBXFileReference; explicitFileType = wrapper.cfbundle; includeInIndex = 0; path = RNPlayAudioTests.xctest; sourceTree = BUILT_PRODUCTS_DIR; };
		DFC145591BAA56D2008BCF87 /* Info.plist */ = {isa = PBXFileReference; lastKnownFileType = text.plist.xml; path = Info.plist; sourceTree = "<group>"; };
/* End PBXFileReference section */

/* Begin PBXFrameworksBuildPhase section */
		DFC145451BAA56D2008BCF87 /* Frameworks */ = {
			isa = PBXFrameworksBuildPhase;
			buildActionMask = 2147483647;
			files = (
			);
			runOnlyForDeploymentPostprocessing = 0;
		};
		DFC145501BAA56D2008BCF87 /* Frameworks */ = {
			isa = PBXFrameworksBuildPhase;
			buildActionMask = 2147483647;
			files = (
				DFC145541BAA56D2008BCF87 /* libRNPlayAudio.a in Frameworks */,
			);
			runOnlyForDeploymentPostprocessing = 0;
		};
/* End PBXFrameworksBuildPhase section */

/* Begin PBXGroup section */
		DFC1453F1BAA56D2008BCF87 = {
			isa = PBXGroup;
			children = (
				DFC1454A1BAA56D2008BCF87 /* RNPlayAudio */,
				DFC145571BAA56D2008BCF87 /* RNPlayAudioTests */,
				DFC145491BAA56D2008BCF87 /* Products */,
			);
			sourceTree = "<group>";
		};
		DFC145491BAA56D2008BCF87 /* Products */ = {
			isa = PBXGroup;
			children = (
				DFC145481BAA56D2008BCF87 /* libRNPlayAudio.a */,
				DFC145531BAA56D2008BCF87 /* RNPlayAudioTests.xctest */,
			);
			name = Products;
			sourceTree = "<group>";
		};
		DFC1454A1BAA56D2008BCF87 /* RNPlayAudio */ = {
			isa = PBXGroup;
			children = (
				DFC1454B1BAA56D2008BCF87 /* RNPlayAudio.h */,
				DFC1454D1BAA56D2008BCF87 /* RNPlayAudio.m */,
			);
			path = RNPlayAudio;
			sourceTree = "<group>";
		};
		DFC145571BAA56D2008BCF87 /* RNPlayAudioTests */ = {
			isa = PBXGroup;
			children = (
				DFC145581BAA56D2008BCF87 /* Supporting Files */,
			);
			path = RNPlayAudioTests;
			sourceTree = "<group>";
		};
		DFC145581BAA56D2008BCF87 /* Supporting Files */ = {
			isa = PBXGroup;
			children = (
				DFC145591BAA56D2008BCF87 /* Info.plist */,
			);
			name = "Supporting Files";
			sourceTree = "<group>";
		};
/* End PBXGroup section */

/* Begin PBXNativeTarget section */
		DFC145471BAA56D2008BCF87 /* RNPlayAudio */ = {
			isa = PBXNativeTarget;
			buildConfigurationList = DFC1455C1BAA56D2008BCF87 /* Build configuration list for PBXNativeTarget "RNPlayAudio" */;
			buildPhases = (
				DFC145441BAA56D2008BCF87 /* Sources */,
				DFC145451BAA56D2008BCF87 /* Frameworks */,
				DFC145461BAA56D2008BCF87 /* CopyFiles */,
			);
			buildRules = (
			);
			dependencies = (
			);
			name = RNPlayAudio;
			productName = RNPlayAudio;
			productReference = DFC145481BAA56D2008BCF87 /* libRNPlayAudio.a */;
			productType = "com.apple.product-type.library.static";
		};
		DFC145521BAA56D2008BCF87 /* RNPlayAudioTests */ = {
			isa = PBXNativeTarget;
			buildConfigurationList = DFC1455F1BAA56D2008BCF87 /* Build configuration list for PBXNativeTarget "RNPlayAudioTests" */;
			buildPhases = (
				DFC1454F1BAA56D2008BCF87 /* Sources */,
				DFC145501BAA56D2008BCF87 /* Frameworks */,
				DFC145511BAA56D2008BCF87 /* Resources */,
			);
			buildRules = (
			);
			dependencies = (
				DFC145561BAA56D2008BCF87 /* PBXTargetDependency */,
			);
			name = RNPlayAudioTests;
			productName = RNPlayAudioTests;
			productReference = DFC145531BAA56D2008BCF87 /* RNPlayAudioTests.xctest */;
			productType = "com.apple.product-type.bundle.unit-test";
		};
/* End PBXNativeTarget section */

/* Begin PBXProject section */
		DFC145401BAA56D2008BCF87 /* Project object */ = {
			isa = PBXProject;
			attributes = {
				LastUpgradeCheck = 0640;
				ORGANIZATIONNAME = rhaker;
				TargetAttributes = {
					DFC145471BAA56D2008BCF87 = {
						CreatedOnToolsVersion = 6.4;
					};
					DFC145521BAA56D2008BCF87 = {
						CreatedOnToolsVersion = 6.4;
					};
				};
			};
			buildConfigurationList = DFC145431BAA56D2008BCF87 /* Build configuration list for PBXProject "RNPlayAudio" */;
			compatibilityVersion = "Xcode 3.2";
			developmentRegion = English;
			hasScannedForEncodings = 0;
			knownRegions = (
				en,
			);
			mainGroup = DFC1453F1BAA56D2008BCF87;
			productRefGroup = DFC145491BAA56D2008BCF87 /* Products */;
			projectDirPath = "";
			projectRoot = "";
			targets = (
				DFC145471BAA56D2008BCF87 /* RNPlayAudio */,
				DFC145521BAA56D2008BCF87 /* RNPlayAudioTests */,
			);
		};
/* End PBXProject section */

/* Begin PBXResourcesBuildPhase section */
		DFC145511BAA56D2008BCF87 /* Resources */ = {
			isa = PBXResourcesBuildPhase;
			buildActionMask = 2147483647;
			files = (
			);
			runOnlyForDeploymentPostprocessing = 0;
		};
/* End PBXResourcesBuildPhase section */

/* Begin PBXSourcesBuildPhase section */
		DFC145441BAA56D2008BCF87 /* Sources */ = {
			isa = PBXSourcesBuildPhase;
			buildActionMask = 2147483647;
			files = (
				DFC1454E1BAA56D2008BCF87 /* RNPlayAudio.m in Sources */,
			);
			runOnlyForDeploymentPostprocessing = 0;
		};
		DFC1454F1BAA56D2008BCF87 /* Sources */ = {
			isa = PBXSourcesBuildPhase;
			buildActionMask = 2147483647;
			files = (
			);
			runOnlyForDeploymentPostprocessing = 0;
		};
/* End PBXSourcesBuildPhase section */

/* Begin PBXTargetDependency section */
		DFC145561BAA56D2008BCF87 /* PBXTargetDependency */ = {
			isa = PBXTargetDependency;
			target = DFC145471BAA56D2008BCF87 /* RNPlayAudio */;
			targetProxy = DFC145551BAA56D2008BCF87 /* PBXContainerItemProxy */;
		};
/* End PBXTargetDependency section */

/* Begin XCBuildConfiguration section */
		DFC1455A1BAA56D2008BCF87 /* Debug */ = {
			isa = XCBuildConfiguration;
			buildSettings = {
				ALWAYS_SEARCH_USER_PATHS = NO;
				CLANG_CXX_LANGUAGE_STANDARD = "gnu++0x";
				CLANG_CXX_LIBRARY = "libc++";
				CLANG_ENABLE_MODULES = YES;
				CLANG_ENABLE_OBJC_ARC = YES;
				CLANG_WARN_BOOL_CONVERSION = YES;
				CLANG_WARN_CONSTANT_CONVERSION = YES;
				CLANG_WARN_DIRECT_OBJC_ISA_USAGE = YES_ERROR;
				CLANG_WARN_EMPTY_BODY = YES;
				CLANG_WARN_ENUM_CONVERSION = YES;
				CLANG_WARN_INT_CONVERSION = YES;
				CLANG_WARN_OBJC_ROOT_CLASS = YES_ERROR;
				CLANG_WARN_UNREACHABLE_CODE = YES;
				CLANG_WARN__DUPLICATE_METHOD_MATCH = YES;
				COPY_PHASE_STRIP = NO;
				DEBUG_INFORMATION_FORMAT = "dwarf-with-dsym";
				ENABLE_STRICT_OBJC_MSGSEND = YES;
				GCC_C_LANGUAGE_STANDARD = gnu99;
				GCC_DYNAMIC_NO_PIC = NO;
				GCC_NO_COMMON_BLOCKS = YES;
				GCC_OPTIMIZATION_LEVEL = 0;
				GCC_PREPROCESSOR_DEFINITIONS = (
					"DEBUG=1",
					"$(inherited)",
				);
				GCC_SYMBOLS_PRIVATE_EXTERN = NO;
				GCC_WARN_64_TO_32_BIT_CONVERSION = YES;
				GCC_WARN_ABOUT_RETURN_TYPE = YES_ERROR;
				GCC_WARN_UNDECLARED_SELECTOR = YES;
				GCC_WARN_UNINITIALIZED_AUTOS = YES_AGGRESSIVE;
				GCC_WARN_UNUSED_FUNCTION = YES;
				GCC_WARN_UNUSED_VARIABLE = YES;
				HEADER_SEARCH_PATHS = (
					"$(inherited)",
					/Applications/Xcode.app/Contents/Developer/Toolchains/XcodeDefault.xctoolchain/usr/include,
					"$(SRCROOT)/node_modules/react-native/React/**",
					"$(SRCROOT)/../react-native/React/**",
				);
				IPHONEOS_DEPLOYMENT_TARGET = 8.4;
				MTL_ENABLE_DEBUG_INFO = YES;
				ONLY_ACTIVE_ARCH = YES;
				SDKROOT = iphoneos;
			};
			name = Debug;
		};
		DFC1455B1BAA56D2008BCF87 /* Release */ = {
			isa = XCBuildConfiguration;
			buildSettings = {
				ALWAYS_SEARCH_USER_PATHS = NO;
				CLANG_CXX_LANGUAGE_STANDARD = "gnu++0x";
				CLANG_CXX_LIBRARY = "libc++";
				CLANG_ENABLE_MODULES = YES;
				CLANG_ENABLE_OBJC_ARC = YES;
				CLANG_WARN_BOOL_CONVERSION = YES;
				CLANG_WARN_CONSTANT_CONVERSION = YES;
				CLANG_WARN_DIRECT_OBJC_ISA_USAGE = YES_ERROR;
				CLANG_WARN_EMPTY_BODY = YES;
				CLANG_WARN_ENUM_CONVERSION = YES;
				CLANG_WARN_INT_CONVERSION = YES;
				CLANG_WARN_OBJC_ROOT_CLASS = YES_ERROR;
				CLANG_WARN_UNREACHABLE_CODE = YES;
				CLANG_WARN__DUPLICATE_METHOD_MATCH = YES;
				COPY_PHASE_STRIP = NO;
				DEBUG_INFORMATION_FORMAT = "dwarf-with-dsym";
				ENABLE_NS_ASSERTIONS = NO;
				ENABLE_STRICT_OBJC_MSGSEND = YES;
				GCC_C_LANGUAGE_STANDARD = gnu99;
				GCC_NO_COMMON_BLOCKS = YES;
				GCC_WARN_64_TO_32_BIT_CONVERSION = YES;
				GCC_WARN_ABOUT_RETURN_TYPE = YES_ERROR;
				GCC_WARN_UNDECLARED_SELECTOR = YES;
				GCC_WARN_UNINITIALIZED_AUTOS = YES_AGGRESSIVE;
				GCC_WARN_UNUSED_FUNCTION = YES;
				GCC_WARN_UNUSED_VARIABLE = YES;
				HEADER_SEARCH_PATHS = (
					"$(inherited)",
					/Applications/Xcode.app/Contents/Developer/Toolchains/XcodeDefault.xctoolchain/usr/include,
					"$(SRCROOT)/node_modules/react-native/React/**",
					"$(SRCROOT)/../react-native/React/**",
				);
				IPHONEOS_DEPLOYMENT_TARGET = 8.4;
				MTL_ENABLE_DEBUG_INFO = NO;
				SDKROOT = iphoneos;
				VALIDATE_PRODUCT = YES;
			};
			name = Release;
		};
		DFC1455D1BAA56D2008BCF87 /* Debug */ = {
			isa = XCBuildConfiguration;
			buildSettings = {
				HEADER_SEARCH_PATHS = (
					"$(inherited)",
					/Applications/Xcode.app/Contents/Developer/Toolchains/XcodeDefault.xctoolchain/usr/include,
					"$(SRCROOT)/node_modules/react-native/React/**",
					"$(SRCROOT)/../react-native/React/**",
				);
				OTHER_LDFLAGS = "-ObjC";
				PRODUCT_NAME = "$(TARGET_NAME)";
				SKIP_INSTALL = YES;
			};
			name = Debug;
		};
		DFC1455E1BAA56D2008BCF87 /* Release */ = {
			isa = XCBuildConfiguration;
			buildSettings = {
				HEADER_SEARCH_PATHS = (
					"$(inherited)",
					/Applications/Xcode.app/Contents/Developer/Toolchains/XcodeDefault.xctoolchain/usr/include,
					"$(SRCROOT)/node_modules/react-native/React/**",
					"$(SRCROOT)/../react-native/React/**",
				);
				OTHER_LDFLAGS = "-ObjC";
				PRODUCT_NAME = "$(TARGET_NAME)";
				SKIP_INSTALL = YES;
			};
			name = Release;
		};
		DFC145601BAA56D2008BCF87 /* Debug */ = {
			isa = XCBuildConfiguration;
			buildSettings = {
				"CODE_SIGN_IDENTITY[sdk=iphoneos*]" = "iPhone Developer";
				FRAMEWORK_SEARCH_PATHS = (
					"$(SDKROOT)/Developer/Library/Frameworks",
					"$(inherited)",
				);
				GCC_PREPROCESSOR_DEFINITIONS = (
					"DEBUG=1",
					"$(inherited)",
				);
				INFOPLIST_FILE = RNPlayAudioTests/Info.plist;
				LD_RUNPATH_SEARCH_PATHS = "$(inherited) @executable_path/Frameworks @loader_path/Frameworks";
				PRODUCT_NAME = "$(TARGET_NAME)";
			};
			name = Debug;
		};
		DFC145611BAA56D2008BCF87 /* Release */ = {
			isa = XCBuildConfiguration;
			buildSettings = {
				"CODE_SIGN_IDENTITY[sdk=iphoneos*]" = "iPhone Developer";
				FRAMEWORK_SEARCH_PATHS = (
					"$(SDKROOT)/Developer/Library/Frameworks",
					"$(inherited)",
				);
				INFOPLIST_FILE = RNPlayAudioTests/Info.plist;
				LD_RUNPATH_SEARCH_PATHS = "$(inherited) @executable_path/Frameworks @loader_path/Frameworks";
				PRODUCT_NAME = "$(TARGET_NAME)";
			};
			name = Release;
		};
/* End XCBuildConfiguration section */

/* Begin XCConfigurationList section */
		DFC145431BAA56D2008BCF87 /* Build configuration list for PBXProject "RNPlayAudio" */ = {
			isa = XCConfigurationList;
			buildConfigurations = (
				DFC1455A1BAA56D2008BCF87 /* Debug */,
				DFC1455B1BAA56D2008BCF87 /* Release */,
			);
			defaultConfigurationIsVisible = 0;
			defaultConfigurationName = Release;
		};
		DFC1455C1BAA56D2008BCF87 /* Build configuration list for PBXNativeTarget "RNPlayAudio" */ = {
			isa = XCConfigurationList;
			buildConfigurations = (
				DFC1455D1BAA56D2008BCF87 /* Debug */,
				DFC1455E1BAA56D2008BCF87 /* Release */,
			);
			defaultConfigurationIsVisible = 0;
		};
		DFC1455F1BAA56D2008BCF87 /* Build configuration list for PBXNativeTarget "RNPlayAudioTests" */ = {
			isa = XCConfigurationList;
			buildConfigurations = (
				DFC145601BAA56D2008BCF87 /* Debug */,
				DFC145611BAA56D2008BCF87 /* Release */,
			);
			defaultConfigurationIsVisible = 0;
		};
/* End XCConfigurationList section */
	};
	rootObject = DFC145401BAA56D2008BCF87 /* Project object */;
}
